
Microsoft Visual Studio Solution File, Format Version 12.00
# Visual Studio Version 17
VisualStudioVersion = 17.4.32916.344
MinimumVisualStudioVersion = 10.0.40219.1
Project("{FAE04EC0-301F-11D3-BF4B-00C04F79EFBC}") = "BooksManager", "BooksManager\BooksManager.csproj", "{F072F83C-3DF0-4E0A-8C56-2381D8828E3E}"
EndProject
Global
	GlobalSection(SolutionConfigurationPlatforms) = preSolution
		Debug|Any CPU = Debug|Any CPU
		Release|Any CPU = Release|Any CPU
	EndGlobalSection
	GlobalSection(ProjectConfigurationPlatforms) = postSolution
		{F072F83C-3DF0-4E0A-8C56-2381D8828E3E}.Debug|Any CPU.ActiveCfg = Debug|Any CPU
		{F072F83C-3DF0-4E0A-8C56-2381D8828E3E}.Debug|Any CPU.Build.0 = Debug|Any CPU
		{F072F83C-3DF0-4E0A-8C56-2381D8828E3E}.Release|Any CPU.ActiveCfg = Release|Any CPU
		{F072F83C-3DF0-4E0A-8C56-2381D8828E3E}.Release|Any CPU.Build.0 = Release|Any CPU
	EndGlobalSection
	GlobalSection(SolutionProperties) = preSolution
		HideSolutionNode = FALSE
	EndGlobalSection
	GlobalSection(ExtensibilityGlobals) = postSolution
		SolutionGuid = {4B0DFB19-3C42-417C-BE61-4BFA949102A8}
	EndGlobalSection
EndGlobal
