
Microsoft Visual Studio Solution File, Format Version 12.00
# Visual Studio Version 17
VisualStudioVersion = 17.4.32916.344
MinimumVisualStudioVersion = 10.0.40219.1
Project("{FAE04EC0-301F-11D3-BF4B-00C04F79EFBC}") = "ppedv.Fuhrparkverwaltung.Model", "ppedv.Fuhrparkverwaltung.Model\ppedv.Fuhrparkverwaltung.Model.csproj", "{DAFDBBAF-BDC0-4AF1-BEEF-B17281F6EABA}"
EndProject
Project("{FAE04EC0-301F-11D3-BF4B-00C04F79EFBC}") = "ppedv.Fuhrparkverwaltung.Data.EfCore", "ppedv.Fuhrparkverwaltung.Data.EfCore\ppedv.Fuhrparkverwaltung.Data.EfCore.csproj", "{A04D8990-1904-40D0-A4E5-EE8D9717AE06}"
EndProject
Project("{FAE04EC0-301F-11D3-BF4B-00C04F79EFBC}") = "ppedv.Fuhrparkverwaltung.Data.EfCore.Tests", "ppedv.Fuhrparkverwaltung.Data.EfCore.Tests\ppedv.Fuhrparkverwaltung.Data.EfCore.Tests.csproj", "{06B62BF5-5077-451E-A82F-61E0A5A99BCE}"
EndProject
Project("{FAE04EC0-301F-11D3-BF4B-00C04F79EFBC}") = "ppedv.Fuhrparkverwaltung.Logic.FuhrparkService", "ppedv.Fuhrparkverwaltung.Logic.FuhrparkService\ppedv.Fuhrparkverwaltung.Logic.FuhrparkService.csproj", "{4E772B28-CCBB-4B5E-9E5D-FEF0371BEE27}"
EndProject
Project("{FAE04EC0-301F-11D3-BF4B-00C04F79EFBC}") = "ppedv.Fuhrparkverwaltung.Logic.FuhrparkService.Tests", "ppedv.Fuhrparkverwaltung.Logic.FuhrparkService.Tests\ppedv.Fuhrparkverwaltung.Logic.FuhrparkService.Tests.csproj", "{6EC37FD4-0127-458A-A7CE-0A2A97737151}"
EndProject
Project("{FAE04EC0-301F-11D3-BF4B-00C04F79EFBC}") = "ppedv.Fuhrparkverwaltung.UI.DevConsole", "ppedv.Fuhrparkverwaltung.UI.DevConsole\ppedv.Fuhrparkverwaltung.UI.DevConsole.csproj", "{19B7D12D-F456-44B3-8700-F34902CB5A96}"
EndProject
Global
	GlobalSection(SolutionConfigurationPlatforms) = preSolution
		Debug|Any CPU = Debug|Any CPU
		Release|Any CPU = Release|Any CPU
	EndGlobalSection
	GlobalSection(ProjectConfigurationPlatforms) = postSolution
		{DAFDBBAF-BDC0-4AF1-BEEF-B17281F6EABA}.Debug|Any CPU.ActiveCfg = Debug|Any CPU
		{DAFDBBAF-BDC0-4AF1-BEEF-B17281F6EABA}.Debug|Any CPU.Build.0 = Debug|Any CPU
		{DAFDBBAF-BDC0-4AF1-BEEF-B17281F6EABA}.Release|Any CPU.ActiveCfg = Release|Any CPU
		{DAFDBBAF-BDC0-4AF1-BEEF-B17281F6EABA}.Release|Any CPU.Build.0 = Release|Any CPU
		{A04D8990-1904-40D0-A4E5-EE8D9717AE06}.Debug|Any CPU.ActiveCfg = Debug|Any CPU
		{A04D8990-1904-40D0-A4E5-EE8D9717AE06}.Debug|Any CPU.Build.0 = Debug|Any CPU
		{A04D8990-1904-40D0-A4E5-EE8D9717AE06}.Release|Any CPU.ActiveCfg = Release|Any CPU
		{A04D8990-1904-40D0-A4E5-EE8D9717AE06}.Release|Any CPU.Build.0 = Release|Any CPU
		{06B62BF5-5077-451E-A82F-61E0A5A99BCE}.Debug|Any CPU.ActiveCfg = Debug|Any CPU
		{06B62BF5-5077-451E-A82F-61E0A5A99BCE}.Debug|Any CPU.Build.0 = Debug|Any CPU
		{06B62BF5-5077-451E-A82F-61E0A5A99BCE}.Release|Any CPU.ActiveCfg = Release|Any CPU
		{06B62BF5-5077-451E-A82F-61E0A5A99BCE}.Release|Any CPU.Build.0 = Release|Any CPU
		{4E772B28-CCBB-4B5E-9E5D-FEF0371BEE27}.Debug|Any CPU.ActiveCfg = Debug|Any CPU
		{4E772B28-CCBB-4B5E-9E5D-FEF0371BEE27}.Debug|Any CPU.Build.0 = Debug|Any CPU
		{4E772B28-CCBB-4B5E-9E5D-FEF0371BEE27}.Release|Any CPU.ActiveCfg = Release|Any CPU
		{4E772B28-CCBB-4B5E-9E5D-FEF0371BEE27}.Release|Any CPU.Build.0 = Release|Any CPU
		{6EC37FD4-0127-458A-A7CE-0A2A97737151}.Debug|Any CPU.ActiveCfg = Debug|Any CPU
		{6EC37FD4-0127-458A-A7CE-0A2A97737151}.Debug|Any CPU.Build.0 = Debug|Any CPU
		{6EC37FD4-0127-458A-A7CE-0A2A97737151}.Release|Any CPU.ActiveCfg = Release|Any CPU
		{6EC37FD4-0127-458A-A7CE-0A2A97737151}.Release|Any CPU.Build.0 = Release|Any CPU
		{19B7D12D-F456-44B3-8700-F34902CB5A96}.Debug|Any CPU.ActiveCfg = Debug|Any CPU
		{19B7D12D-F456-44B3-8700-F34902CB5A96}.Debug|Any CPU.Build.0 = Debug|Any CPU
		{19B7D12D-F456-44B3-8700-F34902CB5A96}.Release|Any CPU.ActiveCfg = Release|Any CPU
		{19B7D12D-F456-44B3-8700-F34902CB5A96}.Release|Any CPU.Build.0 = Release|Any CPU
	EndGlobalSection
	GlobalSection(SolutionProperties) = preSolution
		HideSolutionNode = FALSE
	EndGlobalSection
	GlobalSection(ExtensibilityGlobals) = postSolution
		SolutionGuid = {47E31635-FDE0-43DA-A312-0FD6F8C73241}
	EndGlobalSection
EndGlobal
