
Microsoft Visual Studio Solution File, Format Version 12.00
# Visual Studio Version 17
VisualStudioVersion = 17.4.32916.344
MinimumVisualStudioVersion = 10.0.40219.1
Project("{FAE04EC0-301F-11D3-BF4B-00C04F79EFBC}") = "ppedv.Fuhrparkverwaltung.Model", "ppedv.Fuhrparkverwaltung.Model\ppedv.Fuhrparkverwaltung.Model.csproj", "{DAFDBBAF-BDC0-4AF1-BEEF-B17281F6EABA}"
EndProject
Global
	GlobalSection(SolutionConfigurationPlatforms) = preSolution
		Debug|Any CPU = Debug|Any CPU
		Release|Any CPU = Release|Any CPU
	EndGlobalSection
	GlobalSection(ProjectConfigurationPlatforms) = postSolution
		{DAFDBBAF-BDC0-4AF1-BEEF-B17281F6EABA}.Debug|Any CPU.ActiveCfg = Debug|Any CPU
		{DAFDBBAF-BDC0-4AF1-BEEF-B17281F6EABA}.Debug|Any CPU.Build.0 = Debug|Any CPU
		{DAFDBBAF-BDC0-4AF1-BEEF-B17281F6EABA}.Release|Any CPU.ActiveCfg = Release|Any CPU
		{DAFDBBAF-BDC0-4AF1-BEEF-B17281F6EABA}.Release|Any CPU.Build.0 = Release|Any CPU
	EndGlobalSection
	GlobalSection(SolutionProperties) = preSolution
		HideSolutionNode = FALSE
	EndGlobalSection
	GlobalSection(ExtensibilityGlobals) = postSolution
		SolutionGuid = {47E31635-FDE0-43DA-A312-0FD6F8C73241}
	EndGlobalSection
EndGlobal
